hash: 00d746ae43e36fa04fd74bbca6ab83db022aeab852eb2fcf2b464428eed86bae
updated: 2017-03-10T14:55:38.911942262-05:00
imports:
- name: github.com/golang/protobuf
  version: c9c7427a2a70d2eb3bafa0ab2dc163e45f143317
  subpackages:
  - proto
- name: github.com/grpc/grpc-go
  version: d50cf2db166eaff3f2429425758d12205085eb5b
- name: github.com/sercand/kuberesolver
  version: 2f561e34ecb6206fcad82f0c5842379188d8db40
- name: golang.org/x/net
  version: 6acef71eb69611914f7a30939ea9f6e194c78172
  subpackages:
  - context
  - http2
  - http2/hpack
  - internal/timeseries
  - trace
- name: google.golang.org/grpc
  version: d50cf2db166eaff3f2429425758d12205085eb5b
  subpackages:
  - codes
  - credentials
  - grpclog
  - internal
  - keepalive
  - metadata
  - naming
  - peer
  - stats
  - tap
  - transport
testImports: []
